
Microsoft Visual Studio Solution File, Format Version 12.00
# Visual Studio Version 17
VisualStudioVersion = 17.0.31903.59
MinimumVisualStudioVersion = 10.0.40219.1
Project("{9A19103F-16F7-4668-BE54-9A1E7A4F7556}") = "BlazorVideoPlayer", "src\BlazorVideoPlayer\BlazorVideoPlayer.csproj", "{19F0F4FA-F198-4C7D-BF80-E5B562FA73BC}"
EndProject
Project("{FAE04EC0-301F-11D3-BF4B-00C04F79EFBC}") = "BlazorVideoPlayer.Test", "test\BlazorVideoPlayer.Test\BlazorVideoPlayer.Test.csproj", "{62286D46-1EAA-45F6-BE0E-8B3206799D82}"
EndProject
Global
	GlobalSection(SolutionConfigurationPlatforms) = preSolution
		Debug|Any CPU = Debug|Any CPU
		Release|Any CPU = Release|Any CPU
	EndGlobalSection
	GlobalSection(ProjectConfigurationPlatforms) = postSolution
		{19F0F4FA-F198-4C7D-BF80-E5B562FA73BC}.Debug|Any CPU.ActiveCfg = Debug|Any CPU
		{19F0F4FA-F198-4C7D-BF80-E5B562FA73BC}.Debug|Any CPU.Build.0 = Debug|Any CPU
		{19F0F4FA-F198-4C7D-BF80-E5B562FA73BC}.Release|Any CPU.ActiveCfg = Release|Any CPU
		{19F0F4FA-F198-4C7D-BF80-E5B562FA73BC}.Release|Any CPU.Build.0 = Release|Any CPU
		{62286D46-1EAA-45F6-BE0E-8B3206799D82}.Debug|Any CPU.ActiveCfg = Debug|Any CPU
		{62286D46-1EAA-45F6-BE0E-8B3206799D82}.Debug|Any CPU.Build.0 = Debug|Any CPU
		{62286D46-1EAA-45F6-BE0E-8B3206799D82}.Release|Any CPU.ActiveCfg = Release|Any CPU
		{62286D46-1EAA-45F6-BE0E-8B3206799D82}.Release|Any CPU.Build.0 = Release|Any CPU
	EndGlobalSection
	GlobalSection(SolutionProperties) = preSolution
		HideSolutionNode = FALSE
	EndGlobalSection
	GlobalSection(ExtensibilityGlobals) = postSolution
		SolutionGuid = {E422032E-F29F-45D8-8D9A-EF9E70CD2E2B}
	EndGlobalSection
EndGlobal
