
Microsoft Visual Studio Solution File, Format Version 12.00
# Visual Studio Version 16
VisualStudioVersion = 16.0.30509.190
MinimumVisualStudioVersion = 10.0.40219.1
Project("{9A19103F-16F7-4668-BE54-9A1E7A4F7556}") = "VideoPlayer", "VideoPlayer.csproj", "{71DC003F-37FC-4412-B495-1F7AD05CB3E0}"
EndProject
Global
	GlobalSection(SolutionConfigurationPlatforms) = preSolution
		Debug|Any CPU = Debug|Any CPU
		Release|Any CPU = Release|Any CPU
	EndGlobalSection
	GlobalSection(ProjectConfigurationPlatforms) = postSolution
		{71DC003F-37FC-4412-B495-1F7AD05CB3E0}.Debug|Any CPU.ActiveCfg = Debug|Any CPU
		{71DC003F-37FC-4412-B495-1F7AD05CB3E0}.Debug|Any CPU.Build.0 = Debug|Any CPU
		{71DC003F-37FC-4412-B495-1F7AD05CB3E0}.Release|Any CPU.ActiveCfg = Release|Any CPU
		{71DC003F-37FC-4412-B495-1F7AD05CB3E0}.Release|Any CPU.Build.0 = Release|Any CPU
	EndGlobalSection
	GlobalSection(SolutionProperties) = preSolution
		HideSolutionNode = FALSE
	EndGlobalSection
	GlobalSection(ExtensibilityGlobals) = postSolution
		SolutionGuid = {6E620D6A-8CAD-4F6A-B3F5-151222D97D24}
	EndGlobalSection
EndGlobal
